
Microsoft Visual Studio Solution File, Format Version 12.00
# Visual Studio Version 16
VisualStudioVersion = 16.0.30907.101
MinimumVisualStudioVersion = 10.0.40219.1
Project("{9A19103F-16F7-4668-BE54-9A1E7A4F7556}") = "DataAccess", "DataAccess\DataAccess.csproj", "{D2073EC2-6702-4854-9515-3922B1BA3C77}"
EndProject
Project("{9A19103F-16F7-4668-BE54-9A1E7A4F7556}") = "Business", "Business\Business.csproj", "{E11B0088-1ADA-4B89-9AD3-DDE5BC941774}"
EndProject
Project("{9A19103F-16F7-4668-BE54-9A1E7A4F7556}") = "Entities", "Entities\Entities.csproj", "{DC853A4A-1F9D-48A8-BA54-B5B9D5328500}"
EndProject
Project("{9A19103F-16F7-4668-BE54-9A1E7A4F7556}") = "ConsoleUI", "ConsoleUI\ConsoleUI.csproj", "{FC1DBB4B-F63D-4843-9598-55866AAF14F7}"
EndProject
Project("{9A19103F-16F7-4668-BE54-9A1E7A4F7556}") = "Core", "Core\Core.csproj", "{10960758-ACD2-461B-A8EF-99B9B8296D99}"
EndProject
Project("{9A19103F-16F7-4668-BE54-9A1E7A4F7556}") = "WebAPI", "WebAPI\WebAPI.csproj", "{4D9F8A21-5395-4A4F-8B61-3D11EA39B184}"
EndProject
Global
	GlobalSection(SolutionConfigurationPlatforms) = preSolution
		Debug|Any CPU = Debug|Any CPU
		Release|Any CPU = Release|Any CPU
	EndGlobalSection
	GlobalSection(ProjectConfigurationPlatforms) = postSolution
		{D2073EC2-6702-4854-9515-3922B1BA3C77}.Debug|Any CPU.ActiveCfg = Debug|Any CPU
		{D2073EC2-6702-4854-9515-3922B1BA3C77}.Debug|Any CPU.Build.0 = Debug|Any CPU
		{D2073EC2-6702-4854-9515-3922B1BA3C77}.Release|Any CPU.ActiveCfg = Release|Any CPU
		{D2073EC2-6702-4854-9515-3922B1BA3C77}.Release|Any CPU.Build.0 = Release|Any CPU
		{E11B0088-1ADA-4B89-9AD3-DDE5BC941774}.Debug|Any CPU.ActiveCfg = Debug|Any CPU
		{E11B0088-1ADA-4B89-9AD3-DDE5BC941774}.Debug|Any CPU.Build.0 = Debug|Any CPU
		{E11B0088-1ADA-4B89-9AD3-DDE5BC941774}.Release|Any CPU.ActiveCfg = Release|Any CPU
		{E11B0088-1ADA-4B89-9AD3-DDE5BC941774}.Release|Any CPU.Build.0 = Release|Any CPU
		{DC853A4A-1F9D-48A8-BA54-B5B9D5328500}.Debug|Any CPU.ActiveCfg = Debug|Any CPU
		{DC853A4A-1F9D-48A8-BA54-B5B9D5328500}.Debug|Any CPU.Build.0 = Debug|Any CPU
		{DC853A4A-1F9D-48A8-BA54-B5B9D5328500}.Release|Any CPU.ActiveCfg = Release|Any CPU
		{DC853A4A-1F9D-48A8-BA54-B5B9D5328500}.Release|Any CPU.Build.0 = Release|Any CPU
		{FC1DBB4B-F63D-4843-9598-55866AAF14F7}.Debug|Any CPU.ActiveCfg = Debug|Any CPU
		{FC1DBB4B-F63D-4843-9598-55866AAF14F7}.Debug|Any CPU.Build.0 = Debug|Any CPU
		{FC1DBB4B-F63D-4843-9598-55866AAF14F7}.Release|Any CPU.ActiveCfg = Release|Any CPU
		{FC1DBB4B-F63D-4843-9598-55866AAF14F7}.Release|Any CPU.Build.0 = Release|Any CPU
		{10960758-ACD2-461B-A8EF-99B9B8296D99}.Debug|Any CPU.ActiveCfg = Debug|Any CPU
		{10960758-ACD2-461B-A8EF-99B9B8296D99}.Debug|Any CPU.Build.0 = Debug|Any CPU
		{10960758-ACD2-461B-A8EF-99B9B8296D99}.Release|Any CPU.ActiveCfg = Release|Any CPU
		{10960758-ACD2-461B-A8EF-99B9B8296D99}.Release|Any CPU.Build.0 = Release|Any CPU
		{4D9F8A21-5395-4A4F-8B61-3D11EA39B184}.Debug|Any CPU.ActiveCfg = Debug|Any CPU
		{4D9F8A21-5395-4A4F-8B61-3D11EA39B184}.Debug|Any CPU.Build.0 = Debug|Any CPU
		{4D9F8A21-5395-4A4F-8B61-3D11EA39B184}.Release|Any CPU.ActiveCfg = Release|Any CPU
		{4D9F8A21-5395-4A4F-8B61-3D11EA39B184}.Release|Any CPU.Build.0 = Release|Any CPU
	EndGlobalSection
	GlobalSection(SolutionProperties) = preSolution
		HideSolutionNode = FALSE
	EndGlobalSection
	GlobalSection(ExtensibilityGlobals) = postSolution
		SolutionGuid = {B24109D2-12F2-49F0-8426-DB73A652781F}
	EndGlobalSection
EndGlobal
